// !$*UTF8*$!
{
	archiveVersion = 1;
	classes = {
	};
	objectVersion = 46;
	objects = {

/* Begin PBXBuildFile section */
		55D034E31B8F9F750008BC7E /* AppDelegate.m in Sources */ = {isa = PBXBuildFile; fileRef = 55D034E21B8F9F750008BC7E /* AppDelegate.m */; };
		55D034E51B8F9F750008BC7E /* main.m in Sources */ = {isa = PBXBuildFile; fileRef = 55D034E41B8F9F750008BC7E /* main.m */; };
		55D034E71B8F9F750008BC7E /* Images.xcassets in Resources */ = {isa = PBXBuildFile; fileRef = 55D034E61B8F9F750008BC7E /* Images.xcassets */; };
		55D034EA1B8F9F760008BC7E /* MainMenu.xib in Resources */ = {isa = PBXBuildFile; fileRef = 55D034E81B8F9F760008BC7E /* MainMenu.xib */; };
		55D034F61B8F9F760008BC7E /* VoronoiTests.m in Sources */ = {isa = PBXBuildFile; fileRef = 55D034F51B8F9F760008BC7E /* VoronoiTests.m */; };
/* End PBXBuildFile section */

/* Begin PBXContainerItemProxy section */
		55D034F01B8F9F760008BC7E /* PBXContainerItemProxy */ = {
			isa = PBXContainerItemProxy;
			containerPortal = 55D034D41B8F9F750008BC7E /* Project object */;
			proxyType = 1;
			remoteGlobalIDString = 55D034DB1B8F9F750008BC7E;
			remoteInfo = Voronoi;
		};
/* End PBXContainerItemProxy section */

/* Begin PBXFileReference section */
		55D034DC1B8F9F750008BC7E /* Voronoi.app */ = {isa = PBXFileReference; explicitFileType = wrapper.application; includeInIndex = 0; path = Voronoi.app; sourceTree = BUILT_PRODUCTS_DIR; };
		55D034E01B8F9F750008BC7E /* Info.plist */ = {isa = PBXFileReference; lastKnownFileType = text.plist.xml; path = Info.plist; sourceTree = "<group>"; };
		55D034E11B8F9F750008BC7E /* AppDelegate.h */ = {isa = PBXFileReference; lastKnownFileType = sourcecode.c.h; path = AppDelegate.h; sourceTree = "<group>"; };
		55D034E21B8F9F750008BC7E /* AppDelegate.m */ = {isa = PBXFileReference; lastKnownFileType = sourcecode.c.objc; path = AppDelegate.m; sourceTree = "<group>"; };
		55D034E41B8F9F750008BC7E /* main.m */ = {isa = PBXFileReference; lastKnownFileType = sourcecode.c.objc; path = main.m; sourceTree = "<group>"; };
		55D034E61B8F9F750008BC7E /* Images.xcassets */ = {isa = PBXFileReference; lastKnownFileType = folder.assetcatalog; path = Images.xcassets; sourceTree = "<group>"; };
		55D034E91B8F9F760008BC7E /* Base */ = {isa = PBXFileReference; lastKnownFileType = file.xib; name = Base; path = Base.lproj/MainMenu.xib; sourceTree = "<group>"; };
		55D034EF1B8F9F760008BC7E /* VoronoiTests.xctest */ = {isa = PBXFileReference; explicitFileType = wrapper.cfbundle; includeInIndex = 0; path = VoronoiTests.xctest; sourceTree = BUILT_PRODUCTS_DIR; };
		55D034F41B8F9F760008BC7E /* Info.plist */ = {isa = PBXFileReference; lastKnownFileType = text.plist.xml; path = Info.plist; sourceTree = "<group>"; };
		55D034F51B8F9F760008BC7E /* VoronoiTests.m */ = {isa = PBXFileReference; lastKnownFileType = sourcecode.c.objc; path = VoronoiTests.m; sourceTree = "<group>"; };
/* End PBXFileReference section */

/* Begin PBXFrameworksBuildPhase section */
		55D034D91B8F9F750008BC7E /* Frameworks */ = {
			isa = PBXFrameworksBuildPhase;
			buildActionMask = 2147483647;
			files = (
			);
			runOnlyForDeploymentPostprocessing = 0;
		};
		55D034EC1B8F9F760008BC7E /* Frameworks */ = {
			isa = PBXFrameworksBuildPhase;
			buildActionMask = 2147483647;
			files = (
			);
			runOnlyForDeploymentPostprocessing = 0;
		};
/* End PBXFrameworksBuildPhase section */

/* Begin PBXGroup section */
		55D034D31B8F9F750008BC7E = {
			isa = PBXGroup;
			children = (
				55D034DE1B8F9F750008BC7E /* Voronoi */,
				55D034F21B8F9F760008BC7E /* VoronoiTests */,
				55D034DD1B8F9F750008BC7E /* Products */,
			);
			sourceTree = "<group>";
		};
		55D034DD1B8F9F750008BC7E /* Products */ = {
			isa = PBXGroup;
			children = (
				55D034DC1B8F9F750008BC7E /* Voronoi.app */,
				55D034EF1B8F9F760008BC7E /* VoronoiTests.xctest */,
			);
			name = Products;
			sourceTree = "<group>";
		};
		55D034DE1B8F9F750008BC7E /* Voronoi */ = {
			isa = PBXGroup;
			children = (
				55D034E11B8F9F750008BC7E /* AppDelegate.h */,
				55D034E21B8F9F750008BC7E /* AppDelegate.m */,
				55D034E61B8F9F750008BC7E /* Images.xcassets */,
				55D034E81B8F9F760008BC7E /* MainMenu.xib */,
				55D034DF1B8F9F750008BC7E /* Supporting Files */,
			);
			path = Voronoi;
			sourceTree = "<group>";
		};
		55D034DF1B8F9F750008BC7E /* Supporting Files */ = {
			isa = PBXGroup;
			children = (
				55D034E01B8F9F750008BC7E /* Info.plist */,
				55D034E41B8F9F750008BC7E /* main.m */,
			);
			name = "Supporting Files";
			sourceTree = "<group>";
		};
		55D034F21B8F9F760008BC7E /* VoronoiTests */ = {
			isa = PBXGroup;
			children = (
				55D034F51B8F9F760008BC7E /* VoronoiTests.m */,
				55D034F31B8F9F760008BC7E /* Supporting Files */,
			);
			path = VoronoiTests;
			sourceTree = "<group>";
		};
		55D034F31B8F9F760008BC7E /* Supporting Files */ = {
			isa = PBXGroup;
			children = (
				55D034F41B8F9F760008BC7E /* Info.plist */,
			);
			name = "Supporting Files";
			sourceTree = "<group>";
		};
/* End PBXGroup section */

/* Begin PBXNativeTarget section */
		55D034DB1B8F9F750008BC7E /* Voronoi */ = {
			isa = PBXNativeTarget;
			buildConfigurationList = 55D034F91B8F9F760008BC7E /* Build configuration list for PBXNativeTarget "Voronoi" */;
			buildPhases = (
				55D034D81B8F9F750008BC7E /* Sources */,
				55D034D91B8F9F750008BC7E /* Frameworks */,
				55D034DA1B8F9F750008BC7E /* Resources */,
			);
			buildRules = (
			);
			dependencies = (
			);
			name = Voronoi;
			productName = Voronoi;
			productReference = 55D034DC1B8F9F750008BC7E /* Voronoi.app */;
			productType = "com.apple.product-type.application";
		};
		55D034EE1B8F9F760008BC7E /* VoronoiTests */ = {
			isa = PBXNativeTarget;
			buildConfigurationList = 55D034FC1B8F9F760008BC7E /* Build configuration list for PBXNativeTarget "VoronoiTests" */;
			buildPhases = (
				55D034EB1B8F9F760008BC7E /* Sources */,
				55D034EC1B8F9F760008BC7E /* Frameworks */,
				55D034ED1B8F9F760008BC7E /* Resources */,
			);
			buildRules = (
			);
			dependencies = (
				55D034F11B8F9F760008BC7E /* PBXTargetDependency */,
			);
			name = VoronoiTests;
			productName = VoronoiTests;
			productReference = 55D034EF1B8F9F760008BC7E /* VoronoiTests.xctest */;
			productType = "com.apple.product-type.bundle.unit-test";
		};
/* End PBXNativeTarget section */

/* Begin PBXProject section */
		55D034D41B8F9F750008BC7E /* Project object */ = {
			isa = PBXProject;
			attributes = {
				LastUpgradeCheck = 0640;
				ORGANIZATIONNAME = "Dave Kennedy";
				TargetAttributes = {
					55D034DB1B8F9F750008BC7E = {
						CreatedOnToolsVersion = 6.4;
					};
					55D034EE1B8F9F760008BC7E = {
						CreatedOnToolsVersion = 6.4;
						TestTargetID = 55D034DB1B8F9F750008BC7E;
					};
				};
			};
			buildConfigurationList = 55D034D71B8F9F750008BC7E /* Build configuration list for PBXProject "Voronoi" */;
			compatibilityVersion = "Xcode 3.2";
			developmentRegion = English;
			hasScannedForEncodings = 0;
			knownRegions = (
				en,
				Base,
			);
			mainGroup = 55D034D31B8F9F750008BC7E;
			productRefGroup = 55D034DD1B8F9F750008BC7E /* Products */;
			projectDirPath = "";
			projectRoot = "";
			targets = (
				55D034DB1B8F9F750008BC7E /* Voronoi */,
				55D034EE1B8F9F760008BC7E /* VoronoiTests */,
			);
		};
/* End PBXProject section */

/* Begin PBXResourcesBuildPhase section */
		55D034DA1B8F9F750008BC7E /* Resources */ = {
			isa = PBXResourcesBuildPhase;
			buildActionMask = 2147483647;
			files = (
				55D034E71B8F9F750008BC7E /* Images.xcassets in Resources */,
				55D034EA1B8F9F760008BC7E /* MainMenu.xib in Resources */,
			);
			runOnlyForDeploymentPostprocessing = 0;
		};
		55D034ED1B8F9F760008BC7E /* Resources */ = {
			isa = PBXResourcesBuildPhase;
			buildActionMask = 2147483647;
			files = (
			);
			runOnlyForDeploymentPostprocessing = 0;
		};
/* End PBXResourcesBuildPhase section */

/* Begin PBXSourcesBuildPhase section */
		55D034D81B8F9F750008BC7E /* Sources */ = {
			isa = PBXSourcesBuildPhase;
			buildActionMask = 2147483647;
			files = (
				55D034E51B8F9F750008BC7E /* main.m in Sources */,
				55D034E31B8F9F750008BC7E /* AppDelegate.m in Sources */,
			);
			runOnlyForDeploymentPostprocessing = 0;
		};
		55D034EB1B8F9F760008BC7E /* Sources */ = {
			isa = PBXSourcesBuildPhase;
			buildActionMask = 2147483647;
			files = (
				55D034F61B8F9F760008BC7E /* VoronoiTests.m in Sources */,
			);
			runOnlyForDeploymentPostprocessing = 0;
		};
/* End PBXSourcesBuildPhase section */

/* Begin PBXTargetDependency section */
		55D034F11B8F9F760008BC7E /* PBXTargetDependency */ = {
			isa = PBXTargetDependency;
			target = 55D034DB1B8F9F750008BC7E /* Voronoi */;
			targetProxy = 55D034F01B8F9F760008BC7E /* PBXContainerItemProxy */;
		};
/* End PBXTargetDependency section */

/* Begin PBXVariantGroup section */
		55D034E81B8F9F760008BC7E /* MainMenu.xib */ = {
			isa = PBXVariantGroup;
			children = (
				55D034E91B8F9F760008BC7E /* Base */,
			);
			name = MainMenu.xib;
			sourceTree = "<group>";
		};
/* End PBXVariantGroup section */

/* Begin XCBuildConfiguration section */
		55D034F71B8F9F760008BC7E /* Debug */ = {
			isa = XCBuildConfiguration;
			buildSettings = {
				ALWAYS_SEARCH_USER_PATHS = NO;
				CLANG_CXX_LANGUAGE_STANDARD = "gnu++0x";
				CLANG_CXX_LIBRARY = "libc++";
				CLANG_ENABLE_MODULES = YES;
				CLANG_ENABLE_OBJC_ARC = YES;
				CLANG_WARN_BOOL_CONVERSION = YES;
				CLANG_WARN_CONSTANT_CONVERSION = YES;
				CLANG_WARN_DIRECT_OBJC_ISA_USAGE = YES_ERROR;
				CLANG_WARN_EMPTY_BODY = YES;
				CLANG_WARN_ENUM_CONVERSION = YES;
				CLANG_WARN_INT_CONVERSION = YES;
				CLANG_WARN_OBJC_ROOT_CLASS = YES_ERROR;
				CLANG_WARN_UNREACHABLE_CODE = YES;
				CLANG_WARN__DUPLICATE_METHOD_MATCH = YES;
				CODE_SIGN_IDENTITY = "-";
				COPY_PHASE_STRIP = NO;
				DEBUG_INFORMATION_FORMAT = dwarf;
				ENABLE_STRICT_OBJC_MSGSEND = YES;
				GCC_C_LANGUAGE_STANDARD = gnu99;
				GCC_DYNAMIC_NO_PIC = NO;
				GCC_NO_COMMON_BLOCKS = YES;
				GCC_OPTIMIZATION_LEVEL = 0;
				GCC_PREPROCESSOR_DEFINITIONS = (
					"DEBUG=1",
					"$(inherited)",
				);
				GCC_SYMBOLS_PRIVATE_EXTERN = NO;
				GCC_WARN_64_TO_32_BIT_CONVERSION = YES;
				GCC_WARN_ABOUT_RETURN_TYPE = YES_ERROR;
				GCC_WARN_UNDECLARED_SELECTOR = YES;
				GCC_WARN_UNINITIALIZED_AUTOS = YES_AGGRESSIVE;
				GCC_WARN_UNUSED_FUNCTION = YES;
				GCC_WARN_UNUSED_VARIABLE = YES;
				MACOSX_DEPLOYMENT_TARGET = 10.10;
				MTL_ENABLE_DEBUG_INFO = YES;
				ONLY_ACTIVE_ARCH = YES;
				SDKROOT = macosx;
			};
			name = Debug;
		};
		55D034F81B8F9F760008BC7E /* Release */ = {
			isa = XCBuildConfiguration;
			buildSettings = {
				ALWAYS_SEARCH_USER_PATHS = NO;
				CLANG_CXX_LANGUAGE_STANDARD = "gnu++0x";
				CLANG_CXX_LIBRARY = "libc++";
				CLANG_ENABLE_MODULES = YES;
				CLANG_ENABLE_OBJC_ARC = YES;
				CLANG_WARN_BOOL_CONVERSION = YES;
				CLANG_WARN_CONSTANT_CONVERSION = YES;
				CLANG_WARN_DIRECT_OBJC_ISA_USAGE = YES_ERROR;
				CLANG_WARN_EMPTY_BODY = YES;
				CLANG_WARN_ENUM_CONVERSION = YES;
				CLANG_WARN_INT_CONVERSION = YES;
				CLANG_WARN_OBJC_ROOT_CLASS = YES_ERROR;
				CLANG_WARN_UNREACHABLE_CODE = YES;
				CLANG_WARN__DUPLICATE_METHOD_MATCH = YES;
				CODE_SIGN_IDENTITY = "-";
				COPY_PHASE_STRIP = NO;
				DEBUG_INFORMATION_FORMAT = "dwarf-with-dsym";
				ENABLE_NS_ASSERTIONS = NO;
				ENABLE_STRICT_OBJC_MSGSEND = YES;
				GCC_C_LANGUAGE_STANDARD = gnu99;
				GCC_NO_COMMON_BLOCKS = YES;
				GCC_WARN_64_TO_32_BIT_CONVERSION = YES;
				GCC_WARN_ABOUT_RETURN_TYPE = YES_ERROR;
				GCC_WARN_UNDECLARED_SELECTOR = YES;
				GCC_WARN_UNINITIALIZED_AUTOS = YES_AGGRESSIVE;
				GCC_WARN_UNUSED_FUNCTION = YES;
				GCC_WARN_UNUSED_VARIABLE = YES;
				MACOSX_DEPLOYMENT_TARGET = 10.10;
				MTL_ENABLE_DEBUG_INFO = NO;
				SDKROOT = macosx;
			};
			name = Release;
		};
		55D034FA1B8F9F760008BC7E /* Debug */ = {
			isa = XCBuildConfiguration;
			buildSettings = {
				ASSETCATALOG_COMPILER_APPICON_NAME = AppIcon;
				COMBINE_HIDPI_IMAGES = YES;
				INFOPLIST_FILE = Voronoi/Info.plist;
				LD_RUNPATH_SEARCH_PATHS = "$(inherited) @executable_path/../Frameworks";
				PRODUCT_NAME = "$(TARGET_NAME)";
			};
			name = Debug;
		};
		55D034FB1B8F9F760008BC7E /* Release */ = {
			isa = XCBuildConfiguration;
			buildSettings = {
				ASSETCATALOG_COMPILER_APPICON_NAME = AppIcon;
				COMBINE_HIDPI_IMAGES = YES;
				INFOPLIST_FILE = Voronoi/Info.plist;
				LD_RUNPATH_SEARCH_PATHS = "$(inherited) @executable_path/../Frameworks";
				PRODUCT_NAME = "$(TARGET_NAME)";
			};
			name = Release;
		};
		55D034FD1B8F9F760008BC7E /* Debug */ = {
			isa = XCBuildConfiguration;
			buildSettings = {
				BUNDLE_LOADER = "$(TEST_HOST)";
				COMBINE_HIDPI_IMAGES = YES;
				FRAMEWORK_SEARCH_PATHS = (
					"$(DEVELOPER_FRAMEWORKS_DIR)",
					"$(inherited)",
				);
				GCC_PREPROCESSOR_DEFINITIONS = (
					"DEBUG=1",
					"$(inherited)",
				);
				INFOPLIST_FILE = VoronoiTests/Info.plist;
				LD_RUNPATH_SEARCH_PATHS = "$(inherited) @executable_path/../Frameworks @loader_path/../Frameworks";
				PRODUCT_NAME = "$(TARGET_NAME)";
				TEST_HOST = "$(BUILT_PRODUCTS_DIR)/Voronoi.app/Contents/MacOS/Voronoi";
			};
			name = Debug;
		};
		55D034FE1B8F9F760008BC7E /* Release */ = {
			isa = XCBuildConfiguration;
			buildSettings = {
				BUNDLE_LOADER = "$(TEST_HOST)";
				COMBINE_HIDPI_IMAGES = YES;
				FRAMEWORK_SEARCH_PATHS = (
					"$(DEVELOPER_FRAMEWORKS_DIR)",
					"$(inherited)",
				);
				INFOPLIST_FILE = VoronoiTests/Info.plist;
				LD_RUNPATH_SEARCH_PATHS = "$(inherited) @executable_path/../Frameworks @loader_path/../Frameworks";
				PRODUCT_NAME = "$(TARGET_NAME)";
				TEST_HOST = "$(BUILT_PRODUCTS_DIR)/Voronoi.app/Contents/MacOS/Voronoi";
			};
			name = Release;
		};
/* End XCBuildConfiguration section */

/* Begin XCConfigurationList section */
		55D034D71B8F9F750008BC7E /* Build configuration list for PBXProject "Voronoi" */ = {
			isa = XCConfigurationList;
			buildConfigurations = (
				55D034F71B8F9F760008BC7E /* Debug */,
				55D034F81B8F9F760008BC7E /* Release */,
			);
			defaultConfigurationIsVisible = 0;
			defaultConfigurationName = Release;
		};
		55D034F91B8F9F760008BC7E /* Build configuration list for PBXNativeTarget "Voronoi" */ = {
			isa = XCConfigurationList;
			buildConfigurations = (
				55D034FA1B8F9F760008BC7E /* Debug */,
				55D034FB1B8F9F760008BC7E /* Release */,
			);
			defaultConfigurationIsVisible = 0;
		};
		55D034FC1B8F9F760008BC7E /* Build configuration list for PBXNativeTarget "VoronoiTests" */ = {
			isa = XCConfigurationList;
			buildConfigurations = (
				55D034FD1B8F9F760008BC7E /* Debug */,
				55D034FE1B8F9F760008BC7E /* Release */,
			);
			defaultConfigurationIsVisible = 0;
		};
/* End XCConfigurationList section */
	};
	rootObject = 55D034D41B8F9F750008BC7E /* Project object */;
}
